
Microsoft Visual Studio Solution File, Format Version 12.00
# Visual Studio Version 17
VisualStudioVersion = 17.14.36518.9 d17.14
MinimumVisualStudioVersion = 10.0.40219.1
Project("{F184B08F-C81C-45F6-A57F-5ABD9991F28F}") = "Tugas Sheva 21125026", "Tugas Sheva 21125026\Tugas Sheva 21125026.vbproj", "{E801E148-C1D1-4948-8084-338ADD5BB47C}"
EndProject
Global
	GlobalSection(SolutionConfigurationPlatforms) = preSolution
		Debug|Any CPU = Debug|Any CPU
		Release|Any CPU = Release|Any CPU
	EndGlobalSection
	GlobalSection(ProjectConfigurationPlatforms) = postSolution
		{E801E148-C1D1-4948-8084-338ADD5BB47C}.Debug|Any CPU.ActiveCfg = Debug|Any CPU
		{E801E148-C1D1-4948-8084-338ADD5BB47C}.Debug|Any CPU.Build.0 = Debug|Any CPU
		{E801E148-C1D1-4948-8084-338ADD5BB47C}.Release|Any CPU.ActiveCfg = Release|Any CPU
		{E801E148-C1D1-4948-8084-338ADD5BB47C}.Release|Any CPU.Build.0 = Release|Any CPU
	EndGlobalSection
	GlobalSection(SolutionProperties) = preSolution
		HideSolutionNode = FALSE
	EndGlobalSection
	GlobalSection(ExtensibilityGlobals) = postSolution
		SolutionGuid = {E309CCC5-8A74-4BB7-B1C5-86ED86DF9C47}
	EndGlobalSection
EndGlobal
